// !$*UTF8*$!
{
	archiveVersion = 1;
	classes = {
	};
	objectVersion = 46;
	objects = {

/* Begin PBXBuildFile section */
		37C7477B167BD33100A3D9A0 /* bamfield1.png in Resources */ = {isa = PBXBuildFile; fileRef = 37C74758167BD33100A3D9A0 /* bamfield1.png */; };
		37C7477C167BD33100A3D9A0 /* bamfield2.png in Resources */ = {isa = PBXBuildFile; fileRef = 37C74759167BD33100A3D9A0 /* bamfield2.png */; };
		37C7477D167BD33100A3D9A0 /* bamfield3.png in Resources */ = {isa = PBXBuildFile; fileRef = 37C7475A167BD33100A3D9A0 /* bamfield3.png */; };
		37C7477E167BD33100A3D9A0 /* bamfield4.png in Resources */ = {isa = PBXBuildFile; fileRef = 37C7475B167BD33100A3D9A0 /* bamfield4.png */; };
		37C7477F167BD33100A3D9A0 /* bamfield5.png in Resources */ = {isa = PBXBuildFile; fileRef = 37C7475C167BD33100A3D9A0 /* bamfield5.png */; };
		37C74780167BD33100A3D9A0 /* bamfield6.png in Resources */ = {isa = PBXBuildFile; fileRef = 37C7475D167BD33100A3D9A0 /* bamfield6.png */; };
		37C74781167BD33100A3D9A0 /* bamfield7.png in Resources */ = {isa = PBXBuildFile; fileRef = 37C7475E167BD33100A3D9A0 /* bamfield7.png */; };
		37C74782167BD33100A3D9A0 /* bamfield8.png in Resources */ = {isa = PBXBuildFile; fileRef = 37C7475F167BD33100A3D9A0 /* bamfield8.png */; };
		37C74783167BD33100A3D9A0 /* bamfield9.png in Resources */ = {isa = PBXBuildFile; fileRef = 37C74760167BD33100A3D9A0 /* bamfield9.png */; };
		37C74784167BD33100A3D9A0 /* blur1.png in Resources */ = {isa = PBXBuildFile; fileRef = 37C74761167BD33100A3D9A0 /* blur1.png */; };
		37C74785167BD33100A3D9A0 /* blur10.png in Resources */ = {isa = PBXBuildFile; fileRef = 37C74762167BD33100A3D9A0 /* blur10.png */; };
		37C74786167BD33100A3D9A0 /* blur11.png in Resources */ = {isa = PBXBuildFile; fileRef = 37C74763167BD33100A3D9A0 /* blur11.png */; };
		37C74787167BD33100A3D9A0 /* blur12.png in Resources */ = {isa = PBXBuildFile; fileRef = 37C74764167BD33100A3D9A0 /* blur12.png */; };
		37C74788167BD33100A3D9A0 /* blur13.png in Resources */ = {isa = PBXBuildFile; fileRef = 37C74765167BD33100A3D9A0 /* blur13.png */; };
		37C74789167BD33100A3D9A0 /* blur2.png in Resources */ = {isa = PBXBuildFile; fileRef = 37C74766167BD33100A3D9A0 /* blur2.png */; };
		37C7478A167BD33100A3D9A0 /* blur3.png in Resources */ = {isa = PBXBuildFile; fileRef = 37C74767167BD33100A3D9A0 /* blur3.png */; };
		37C7478B167BD33100A3D9A0 /* blur4.png in Resources */ = {isa = PBXBuildFile; fileRef = 37C74768167BD33100A3D9A0 /* blur4.png */; };
		37C7478C167BD33100A3D9A0 /* blur5.png in Resources */ = {isa = PBXBuildFile; fileRef = 37C74769167BD33100A3D9A0 /* blur5.png */; };
		37C7478D167BD33100A3D9A0 /* blur6.png in Resources */ = {isa = PBXBuildFile; fileRef = 37C7476A167BD33100A3D9A0 /* blur6.png */; };
		37C7478E167BD33100A3D9A0 /* blur7.png in Resources */ = {isa = PBXBuildFile; fileRef = 37C7476B167BD33100A3D9A0 /* blur7.png */; };
		37C7478F167BD33100A3D9A0 /* blur8.png in Resources */ = {isa = PBXBuildFile; fileRef = 37C7476C167BD33100A3D9A0 /* blur8.png */; };
		37C74790167BD33100A3D9A0 /* blur9.png in Resources */ = {isa = PBXBuildFile; fileRef = 37C7476D167BD33100A3D9A0 /* blur9.png */; };
		37C74791167BD33100A3D9A0 /* mexico1.png in Resources */ = {isa = PBXBuildFile; fileRef = 37C7476E167BD33100A3D9A0 /* mexico1.png */; };
		37C74792167BD33100A3D9A0 /* mexico2.png in Resources */ = {isa = PBXBuildFile; fileRef = 37C7476F167BD33100A3D9A0 /* mexico2.png */; };
		37C74793167BD33100A3D9A0 /* mexico3.png in Resources */ = {isa = PBXBuildFile; fileRef = 37C74770167BD33100A3D9A0 /* mexico3.png */; };
		37C74794167BD33100A3D9A0 /* mexico4.png in Resources */ = {isa = PBXBuildFile; fileRef = 37C74771167BD33100A3D9A0 /* mexico4.png */; };
		37C74795167BD33100A3D9A0 /* mexico5.png in Resources */ = {isa = PBXBuildFile; fileRef = 37C74772167BD33100A3D9A0 /* mexico5.png */; };
		37C74796167BD33100A3D9A0 /* mexico6.png in Resources */ = {isa = PBXBuildFile; fileRef = 37C74773167BD33100A3D9A0 /* mexico6.png */; };
		37C74797167BD33100A3D9A0 /* mexico7.png in Resources */ = {isa = PBXBuildFile; fileRef = 37C74774167BD33100A3D9A0 /* mexico7.png */; };
		37C74798167BD33100A3D9A0 /* mexico8.png in Resources */ = {isa = PBXBuildFile; fileRef = 37C74775167BD33100A3D9A0 /* mexico8.png */; };
		37C74799167BD33100A3D9A0 /* paper1.png in Resources */ = {isa = PBXBuildFile; fileRef = 37C74776167BD33100A3D9A0 /* paper1.png */; };
		37C7479A167BD33100A3D9A0 /* paper2.png in Resources */ = {isa = PBXBuildFile; fileRef = 37C74777167BD33100A3D9A0 /* paper2.png */; };
		37C7479B167BD33100A3D9A0 /* paper3.png in Resources */ = {isa = PBXBuildFile; fileRef = 37C74778167BD33100A3D9A0 /* paper3.png */; };
		37C7479C167BD33100A3D9A0 /* paper4.png in Resources */ = {isa = PBXBuildFile; fileRef = 37C74779167BD33100A3D9A0 /* paper4.png */; };
		37C7479D167BD33100A3D9A0 /* paper5.png in Resources */ = {isa = PBXBuildFile; fileRef = 37C7477A167BD33100A3D9A0 /* paper5.png */; };
		37C747B01682631500A3D9A0 /* TPTVerticalCollectionView.m in Sources */ = {isa = PBXBuildFile; fileRef = 37C747AF1682631500A3D9A0 /* TPTVerticalCollectionView.m */; };
		37C747B316827CEE00A3D9A0 /* TPTVerticalCollectionCell.m in Sources */ = {isa = PBXBuildFile; fileRef = 37C747B216827CEE00A3D9A0 /* TPTVerticalCollectionCell.m */; };
		37C747CB1682850300A3D9A0 /* animal1.png in Resources */ = {isa = PBXBuildFile; fileRef = 37C747B41682850300A3D9A0 /* animal1.png */; };
		37C747CC1682850300A3D9A0 /* animal2.png in Resources */ = {isa = PBXBuildFile; fileRef = 37C747B51682850300A3D9A0 /* animal2.png */; };
		37C747CD1682850300A3D9A0 /* animal3.png in Resources */ = {isa = PBXBuildFile; fileRef = 37C747B61682850300A3D9A0 /* animal3.png */; };
		37C747CE1682850300A3D9A0 /* animal4.png in Resources */ = {isa = PBXBuildFile; fileRef = 37C747B71682850300A3D9A0 /* animal4.png */; };
		37C747CF1682850300A3D9A0 /* animal5.png in Resources */ = {isa = PBXBuildFile; fileRef = 37C747B81682850300A3D9A0 /* animal5.png */; };
		37C747D01682850300A3D9A0 /* animal6.png in Resources */ = {isa = PBXBuildFile; fileRef = 37C747B91682850300A3D9A0 /* animal6.png */; };
		37C747D11682850300A3D9A0 /* animal7.png in Resources */ = {isa = PBXBuildFile; fileRef = 37C747BA1682850300A3D9A0 /* animal7.png */; };
		37C747D21682850300A3D9A0 /* animal8.png in Resources */ = {isa = PBXBuildFile; fileRef = 37C747BB1682850300A3D9A0 /* animal8.png */; };
		37C747D31682850300A3D9A0 /* animal9.png in Resources */ = {isa = PBXBuildFile; fileRef = 37C747BC1682850300A3D9A0 /* animal9.png */; };
		37C747D41682850300A3D9A0 /* animal10.png in Resources */ = {isa = PBXBuildFile; fileRef = 37C747BD1682850300A3D9A0 /* animal10.png */; };
		37C747D51682850300A3D9A0 /* animal11.png in Resources */ = {isa = PBXBuildFile; fileRef = 37C747BE1682850300A3D9A0 /* animal11.png */; };
		37C747D61682850300A3D9A0 /* animal12.png in Resources */ = {isa = PBXBuildFile; fileRef = 37C747BF1682850300A3D9A0 /* animal12.png */; };
		37C747D71682850300A3D9A0 /* animal13.png in Resources */ = {isa = PBXBuildFile; fileRef = 37C747C01682850300A3D9A0 /* animal13.png */; };
		37C747D81682850300A3D9A0 /* animal14.png in Resources */ = {isa = PBXBuildFile; fileRef = 37C747C11682850300A3D9A0 /* animal14.png */; };
		37C747D91682850300A3D9A0 /* autumn1.png in Resources */ = {isa = PBXBuildFile; fileRef = 37C747C21682850300A3D9A0 /* autumn1.png */; };
		37C747DA1682850300A3D9A0 /* autumn2.png in Resources */ = {isa = PBXBuildFile; fileRef = 37C747C31682850300A3D9A0 /* autumn2.png */; };
		37C747DB1682850300A3D9A0 /* autumn3.png in Resources */ = {isa = PBXBuildFile; fileRef = 37C747C41682850300A3D9A0 /* autumn3.png */; };
		37C747DC1682850300A3D9A0 /* autumn4.png in Resources */ = {isa = PBXBuildFile; fileRef = 37C747C51682850300A3D9A0 /* autumn4.png */; };
		37C747DD1682850300A3D9A0 /* autumn5.png in Resources */ = {isa = PBXBuildFile; fileRef = 37C747C61682850300A3D9A0 /* autumn5.png */; };
		37C747DE1682850300A3D9A0 /* autumn6.png in Resources */ = {isa = PBXBuildFile; fileRef = 37C747C71682850300A3D9A0 /* autumn6.png */; };
		37C747DF1682850300A3D9A0 /* autumn7.png in Resources */ = {isa = PBXBuildFile; fileRef = 37C747C81682850300A3D9A0 /* autumn7.png */; };
		37C747E01682850300A3D9A0 /* autumn8.png in Resources */ = {isa = PBXBuildFile; fileRef = 37C747C91682850300A3D9A0 /* autumn8.png */; };
		37C747E11682850300A3D9A0 /* autumn9.png in Resources */ = {isa = PBXBuildFile; fileRef = 37C747CA1682850300A3D9A0 /* autumn9.png */; };
		37C747F81682851100A3D9A0 /* celebrity1.png in Resources */ = {isa = PBXBuildFile; fileRef = 37C747E21682851100A3D9A0 /* celebrity1.png */; };
		37C747F91682851100A3D9A0 /* celebrity2.png in Resources */ = {isa = PBXBuildFile; fileRef = 37C747E31682851100A3D9A0 /* celebrity2.png */; };
		37C747FA1682851100A3D9A0 /* celebrity3.png in Resources */ = {isa = PBXBuildFile; fileRef = 37C747E41682851100A3D9A0 /* celebrity3.png */; };
		37C747FB1682851100A3D9A0 /* celebrity4.png in Resources */ = {isa = PBXBuildFile; fileRef = 37C747E51682851100A3D9A0 /* celebrity4.png */; };
		37C747FC1682851100A3D9A0 /* celebrity5.png in Resources */ = {isa = PBXBuildFile; fileRef = 37C747E61682851100A3D9A0 /* celebrity5.png */; };
		37C747FD1682851100A3D9A0 /* celebrity6.png in Resources */ = {isa = PBXBuildFile; fileRef = 37C747E71682851100A3D9A0 /* celebrity6.png */; };
		37C747FE1682851100A3D9A0 /* celebrity7.png in Resources */ = {isa = PBXBuildFile; fileRef = 37C747E81682851100A3D9A0 /* celebrity7.png */; };
		37C747FF1682851100A3D9A0 /* celebrity8.png in Resources */ = {isa = PBXBuildFile; fileRef = 37C747E91682851100A3D9A0 /* celebrity8.png */; };
		37C748001682851100A3D9A0 /* celebrity9.png in Resources */ = {isa = PBXBuildFile; fileRef = 37C747EA1682851100A3D9A0 /* celebrity9.png */; };
		37C748011682851100A3D9A0 /* celebrity10.png in Resources */ = {isa = PBXBuildFile; fileRef = 37C747EB1682851100A3D9A0 /* celebrity10.png */; };
		37C748021682851100A3D9A0 /* celebrity11.png in Resources */ = {isa = PBXBuildFile; fileRef = 37C747EC1682851100A3D9A0 /* celebrity11.png */; };
		37C748031682851100A3D9A0 /* food1.png in Resources */ = {isa = PBXBuildFile; fileRef = 37C747ED1682851100A3D9A0 /* food1.png */; };
		37C748041682851100A3D9A0 /* food2.png in Resources */ = {isa = PBXBuildFile; fileRef = 37C747EE1682851100A3D9A0 /* food2.png */; };
		37C748051682851100A3D9A0 /* food3.png in Resources */ = {isa = PBXBuildFile; fileRef = 37C747EF1682851100A3D9A0 /* food3.png */; };
		37C748061682851100A3D9A0 /* food4.png in Resources */ = {isa = PBXBuildFile; fileRef = 37C747F01682851100A3D9A0 /* food4.png */; };
		37C748071682851100A3D9A0 /* food5.png in Resources */ = {isa = PBXBuildFile; fileRef = 37C747F11682851100A3D9A0 /* food5.png */; };
		37C748081682851100A3D9A0 /* food6.png in Resources */ = {isa = PBXBuildFile; fileRef = 37C747F21682851100A3D9A0 /* food6.png */; };
		37C748091682851100A3D9A0 /* food7.png in Resources */ = {isa = PBXBuildFile; fileRef = 37C747F31682851100A3D9A0 /* food7.png */; };
		37C7480A1682851100A3D9A0 /* food8.png in Resources */ = {isa = PBXBuildFile; fileRef = 37C747F41682851100A3D9A0 /* food8.png */; };
		37C7480B1682851100A3D9A0 /* food9.png in Resources */ = {isa = PBXBuildFile; fileRef = 37C747F51682851100A3D9A0 /* food9.png */; };
		37C7480C1682851100A3D9A0 /* food10.png in Resources */ = {isa = PBXBuildFile; fileRef = 37C747F61682851100A3D9A0 /* food10.png */; };
		37C7480D1682851100A3D9A0 /* food11.png in Resources */ = {isa = PBXBuildFile; fileRef = 37C747F71682851100A3D9A0 /* food11.png */; };
		37C748381682852000A3D9A0 /* space1.png in Resources */ = {isa = PBXBuildFile; fileRef = 37C7480E1682852000A3D9A0 /* space1.png */; };
		37C748391682852000A3D9A0 /* space2.png in Resources */ = {isa = PBXBuildFile; fileRef = 37C7480F1682852000A3D9A0 /* space2.png */; };
		37C7483A1682852000A3D9A0 /* space3.png in Resources */ = {isa = PBXBuildFile; fileRef = 37C748101682852000A3D9A0 /* space3.png */; };
		37C7483B1682852000A3D9A0 /* space4.png in Resources */ = {isa = PBXBuildFile; fileRef = 37C748111682852000A3D9A0 /* space4.png */; };
		37C7483C1682852000A3D9A0 /* space5.png in Resources */ = {isa = PBXBuildFile; fileRef = 37C748121682852000A3D9A0 /* space5.png */; };
		37C7483D1682852000A3D9A0 /* space6.png in Resources */ = {isa = PBXBuildFile; fileRef = 37C748131682852000A3D9A0 /* space6.png */; };
		37C7483E1682852000A3D9A0 /* space7.png in Resources */ = {isa = PBXBuildFile; fileRef = 37C748141682852000A3D9A0 /* space7.png */; };
		37C7483F1682852000A3D9A0 /* space8.png in Resources */ = {isa = PBXBuildFile; fileRef = 37C748151682852000A3D9A0 /* space8.png */; };
		37C748401682852000A3D9A0 /* space9.png in Resources */ = {isa = PBXBuildFile; fileRef = 37C748161682852000A3D9A0 /* space9.png */; };
		37C748411682852000A3D9A0 /* space10.png in Resources */ = {isa = PBXBuildFile; fileRef = 37C748171682852000A3D9A0 /* space10.png */; };
		37C748421682852000A3D9A0 /* space11.png in Resources */ = {isa = PBXBuildFile; fileRef = 37C748181682852000A3D9A0 /* space11.png */; };
		37C748431682852000A3D9A0 /* space12.png in Resources */ = {isa = PBXBuildFile; fileRef = 37C748191682852000A3D9A0 /* space12.png */; };
		37C748441682852000A3D9A0 /* space13.png in Resources */ = {isa = PBXBuildFile; fileRef = 37C7481A1682852000A3D9A0 /* space13.png */; };
		37C748451682852000A3D9A0 /* space14.png in Resources */ = {isa = PBXBuildFile; fileRef = 37C7481B1682852000A3D9A0 /* space14.png */; };
		37C748461682852000A3D9A0 /* travel1.png in Resources */ = {isa = PBXBuildFile; fileRef = 37C7481C1682852000A3D9A0 /* travel1.png */; };
		37C748471682852000A3D9A0 /* travel2.png in Resources */ = {isa = PBXBuildFile; fileRef = 37C7481D1682852000A3D9A0 /* travel2.png */; };
		37C748481682852000A3D9A0 /* travel3.png in Resources */ = {isa = PBXBuildFile; fileRef = 37C7481E1682852000A3D9A0 /* travel3.png */; };
		37C748491682852000A3D9A0 /* travel4.png in Resources */ = {isa = PBXBuildFile; fileRef = 37C7481F1682852000A3D9A0 /* travel4.png */; };
		37C7484A1682852000A3D9A0 /* travel5.png in Resources */ = {isa = PBXBuildFile; fileRef = 37C748201682852000A3D9A0 /* travel5.png */; };
		37C7484B1682852000A3D9A0 /* travel6.png in Resources */ = {isa = PBXBuildFile; fileRef = 37C748211682852000A3D9A0 /* travel6.png */; };
		37C7484C1682852000A3D9A0 /* travel7.png in Resources */ = {isa = PBXBuildFile; fileRef = 37C748221682852000A3D9A0 /* travel7.png */; };
		37C7484D1682852000A3D9A0 /* travel8.png in Resources */ = {isa = PBXBuildFile; fileRef = 37C748231682852000A3D9A0 /* travel8.png */; };
		37C7484E1682852000A3D9A0 /* travel9.png in Resources */ = {isa = PBXBuildFile; fileRef = 37C748241682852000A3D9A0 /* travel9.png */; };
		37C7484F1682852000A3D9A0 /* travel10.png in Resources */ = {isa = PBXBuildFile; fileRef = 37C748251682852000A3D9A0 /* travel10.png */; };
		37C748501682852000A3D9A0 /* travel11.png in Resources */ = {isa = PBXBuildFile; fileRef = 37C748261682852000A3D9A0 /* travel11.png */; };
		37C748511682852000A3D9A0 /* travel12.png in Resources */ = {isa = PBXBuildFile; fileRef = 37C748271682852000A3D9A0 /* travel12.png */; };
		37C748521682852000A3D9A0 /* travel13.png in Resources */ = {isa = PBXBuildFile; fileRef = 37C748281682852000A3D9A0 /* travel13.png */; };
		37C748531682852000A3D9A0 /* travel14.png in Resources */ = {isa = PBXBuildFile; fileRef = 37C748291682852000A3D9A0 /* travel14.png */; };
		37C748541682852000A3D9A0 /* travel15.png in Resources */ = {isa = PBXBuildFile; fileRef = 37C7482A1682852000A3D9A0 /* travel15.png */; };
		37C748551682852000A3D9A0 /* winter1.png in Resources */ = {isa = PBXBuildFile; fileRef = 37C7482B1682852000A3D9A0 /* winter1.png */; };
		37C748561682852000A3D9A0 /* winter2.png in Resources */ = {isa = PBXBuildFile; fileRef = 37C7482C1682852000A3D9A0 /* winter2.png */; };
		37C748571682852000A3D9A0 /* winter3.png in Resources */ = {isa = PBXBuildFile; fileRef = 37C7482D1682852000A3D9A0 /* winter3.png */; };
		37C748581682852000A3D9A0 /* winter4.png in Resources */ = {isa = PBXBuildFile; fileRef = 37C7482E1682852000A3D9A0 /* winter4.png */; };
		37C748591682852000A3D9A0 /* winter5.png in Resources */ = {isa = PBXBuildFile; fileRef = 37C7482F1682852000A3D9A0 /* winter5.png */; };
		37C7485A1682852000A3D9A0 /* winter6.png in Resources */ = {isa = PBXBuildFile; fileRef = 37C748301682852000A3D9A0 /* winter6.png */; };
		37C7485B1682852000A3D9A0 /* winter7.png in Resources */ = {isa = PBXBuildFile; fileRef = 37C748311682852000A3D9A0 /* winter7.png */; };
		37C7485C1682852000A3D9A0 /* winter8.png in Resources */ = {isa = PBXBuildFile; fileRef = 37C748321682852000A3D9A0 /* winter8.png */; };
		37C7485D1682852000A3D9A0 /* winter9.png in Resources */ = {isa = PBXBuildFile; fileRef = 37C748331682852000A3D9A0 /* winter9.png */; };
		37C7485E1682852000A3D9A0 /* winter10.png in Resources */ = {isa = PBXBuildFile; fileRef = 37C748341682852000A3D9A0 /* winter10.png */; };
		37C7485F1682852000A3D9A0 /* winter11.png in Resources */ = {isa = PBXBuildFile; fileRef = 37C748351682852000A3D9A0 /* winter11.png */; };
		37C748601682852000A3D9A0 /* winter12.png in Resources */ = {isa = PBXBuildFile; fileRef = 37C748361682852000A3D9A0 /* winter12.png */; };
		37C748611682852000A3D9A0 /* winter13.png in Resources */ = {isa = PBXBuildFile; fileRef = 37C748371682852000A3D9A0 /* winter13.png */; };
		37D7DABE167A868600D7400B /* UIKit.framework in Frameworks */ = {isa = PBXBuildFile; fileRef = 37D7DABD167A868600D7400B /* UIKit.framework */; };
		37D7DAC0167A868600D7400B /* Foundation.framework in Frameworks */ = {isa = PBXBuildFile; fileRef = 37D7DABF167A868600D7400B /* Foundation.framework */; };
		37D7DAC2167A868600D7400B /* CoreGraphics.framework in Frameworks */ = {isa = PBXBuildFile; fileRef = 37D7DAC1167A868600D7400B /* CoreGraphics.framework */; };
		37D7DAC8167A868600D7400B /* InfoPlist.strings in Resources */ = {isa = PBXBuildFile; fileRef = 37D7DAC6167A868600D7400B /* InfoPlist.strings */; };
		37D7DACA167A868600D7400B /* main.m in Sources */ = {isa = PBXBuildFile; fileRef = 37D7DAC9167A868600D7400B /* main.m */; };
		37D7DACE167A868600D7400B /* AppDelegate.m in Sources */ = {isa = PBXBuildFile; fileRef = 37D7DACD167A868600D7400B /* AppDelegate.m */; };
		37D7DAD0167A868600D7400B /* Default.png in Resources */ = {isa = PBXBuildFile; fileRef = 37D7DACF167A868600D7400B /* Default.png */; };
		37D7DAD2167A868700D7400B /* Default@2x.png in Resources */ = {isa = PBXBuildFile; fileRef = 37D7DAD1167A868700D7400B /* Default@2x.png */; };
		37D7DAD4167A868700D7400B /* Default-568h@2x.png in Resources */ = {isa = PBXBuildFile; fileRef = 37D7DAD3167A868700D7400B /* Default-568h@2x.png */; };
		37D7DAD7167A868700D7400B /* ViewController.m in Sources */ = {isa = PBXBuildFile; fileRef = 37D7DAD6167A868700D7400B /* ViewController.m */; };
		37D7DADA167A868700D7400B /* ViewController.xib in Resources */ = {isa = PBXBuildFile; fileRef = 37D7DAD8167A868700D7400B /* ViewController.xib */; };
		37D7DAE1167A944700D7400B /* TPTCell.xib in Resources */ = {isa = PBXBuildFile; fileRef = 37D7DAE0167A944700D7400B /* TPTCell.xib */; };
		37D7DAE4167A977D00D7400B /* TPTCell.m in Sources */ = {isa = PBXBuildFile; fileRef = 37D7DAE3167A977D00D7400B /* TPTCell.m */; };
		37D7DAEA167A9D7300D7400B /* TPTCoverFlowLayout.m in Sources */ = {isa = PBXBuildFile; fileRef = 37D7DAE9167A9D7300D7400B /* TPTCoverFlowLayout.m */; };
		37D7DAEC167AAD6D00D7400B /* QuartzCore.framework in Frameworks */ = {isa = PBXBuildFile; fileRef = 37D7DAEB167AAD6D00D7400B /* QuartzCore.framework */; };
/* End PBXBuildFile section */

/* Begin PBXFileReference section */
		37C74758167BD33100A3D9A0 /* bamfield1.png */ = {isa = PBXFileReference; lastKnownFileType = image.png; path = bamfield1.png; sourceTree = "<group>"; };
		37C74759167BD33100A3D9A0 /* bamfield2.png */ = {isa = PBXFileReference; lastKnownFileType = image.png; path = bamfield2.png; sourceTree = "<group>"; };
		37C7475A167BD33100A3D9A0 /* bamfield3.png */ = {isa = PBXFileReference; lastKnownFileType = image.png; path = bamfield3.png; sourceTree = "<group>"; };
		37C7475B167BD33100A3D9A0 /* bamfield4.png */ = {isa = PBXFileReference; lastKnownFileType = image.png; path = bamfield4.png; sourceTree = "<group>"; };
		37C7475C167BD33100A3D9A0 /* bamfield5.png */ = {isa = PBXFileReference; lastKnownFileType = image.png; path = bamfield5.png; sourceTree = "<group>"; };
		37C7475D167BD33100A3D9A0 /* bamfield6.png */ = {isa = PBXFileReference; lastKnownFileType = image.png; path = bamfield6.png; sourceTree = "<group>"; };
		37C7475E167BD33100A3D9A0 /* bamfield7.png */ = {isa = PBXFileReference; lastKnownFileType = image.png; path = bamfield7.png; sourceTree = "<group>"; };
		37C7475F167BD33100A3D9A0 /* bamfield8.png */ = {isa = PBXFileReference; lastKnownFileType = image.png; path = bamfield8.png; sourceTree = "<group>"; };
		37C74760167BD33100A3D9A0 /* bamfield9.png */ = {isa = PBXFileReference; lastKnownFileType = image.png; path = bamfield9.png; sourceTree = "<group>"; };
		37C74761167BD33100A3D9A0 /* blur1.png */ = {isa = PBXFileReference; lastKnownFileType = image.png; path = blur1.png; sourceTree = "<group>"; };
		37C74762167BD33100A3D9A0 /* blur10.png */ = {isa = PBXFileReference; lastKnownFileType = image.png; path = blur10.png; sourceTree = "<group>"; };
		37C74763167BD33100A3D9A0 /* blur11.png */ = {isa = PBXFileReference; lastKnownFileType = image.png; path = blur11.png; sourceTree = "<group>"; };
		37C74764167BD33100A3D9A0 /* blur12.png */ = {isa = PBXFileReference; lastKnownFileType = image.png; path = blur12.png; sourceTree = "<group>"; };
		37C74765167BD33100A3D9A0 /* blur13.png */ = {isa = PBXFileReference; lastKnownFileType = image.png; path = blur13.png; sourceTree = "<group>"; };
		37C74766167BD33100A3D9A0 /* blur2.png */ = {isa = PBXFileReference; lastKnownFileType = image.png; path = blur2.png; sourceTree = "<group>"; };
		37C74767167BD33100A3D9A0 /* blur3.png */ = {isa = PBXFileReference; lastKnownFileType = image.png; path = blur3.png; sourceTree = "<group>"; };
		37C74768167BD33100A3D9A0 /* blur4.png */ = {isa = PBXFileReference; lastKnownFileType = image.png; path = blur4.png; sourceTree = "<group>"; };
		37C74769167BD33100A3D9A0 /* blur5.png */ = {isa = PBXFileReference; lastKnownFileType = image.png; path = blur5.png; sourceTree = "<group>"; };
		37C7476A167BD33100A3D9A0 /* blur6.png */ = {isa = PBXFileReference; lastKnownFileType = image.png; path = blur6.png; sourceTree = "<group>"; };
		37C7476B167BD33100A3D9A0 /* blur7.png */ = {isa = PBXFileReference; lastKnownFileType = image.png; path = blur7.png; sourceTree = "<group>"; };
		37C7476C167BD33100A3D9A0 /* blur8.png */ = {isa = PBXFileReference; lastKnownFileType = image.png; path = blur8.png; sourceTree = "<group>"; };
		37C7476D167BD33100A3D9A0 /* blur9.png */ = {isa = PBXFileReference; lastKnownFileType = image.png; path = blur9.png; sourceTree = "<group>"; };
		37C7476E167BD33100A3D9A0 /* mexico1.png */ = {isa = PBXFileReference; lastKnownFileType = image.png; path = mexico1.png; sourceTree = "<group>"; };
		37C7476F167BD33100A3D9A0 /* mexico2.png */ = {isa = PBXFileReference; lastKnownFileType = image.png; path = mexico2.png; sourceTree = "<group>"; };
		37C74770167BD33100A3D9A0 /* mexico3.png */ = {isa = PBXFileReference; lastKnownFileType = image.png; path = mexico3.png; sourceTree = "<group>"; };
		37C74771167BD33100A3D9A0 /* mexico4.png */ = {isa = PBXFileReference; lastKnownFileType = image.png; path = mexico4.png; sourceTree = "<group>"; };
		37C74772167BD33100A3D9A0 /* mexico5.png */ = {isa = PBXFileReference; lastKnownFileType = image.png; path = mexico5.png; sourceTree = "<group>"; };
		37C74773167BD33100A3D9A0 /* mexico6.png */ = {isa = PBXFileReference; lastKnownFileType = image.png; path = mexico6.png; sourceTree = "<group>"; };
		37C74774167BD33100A3D9A0 /* mexico7.png */ = {isa = PBXFileReference; lastKnownFileType = image.png; path = mexico7.png; sourceTree = "<group>"; };
		37C74775167BD33100A3D9A0 /* mexico8.png */ = {isa = PBXFileReference; lastKnownFileType = image.png; path = mexico8.png; sourceTree = "<group>"; };
		37C74776167BD33100A3D9A0 /* paper1.png */ = {isa = PBXFileReference; lastKnownFileType = image.png; path = paper1.png; sourceTree = "<group>"; };
		37C74777167BD33100A3D9A0 /* paper2.png */ = {isa = PBXFileReference; lastKnownFileType = image.png; path = paper2.png; sourceTree = "<group>"; };
		37C74778167BD33100A3D9A0 /* paper3.png */ = {isa = PBXFileReference; lastKnownFileType = image.png; path = paper3.png; sourceTree = "<group>"; };
		37C74779167BD33100A3D9A0 /* paper4.png */ = {isa = PBXFileReference; lastKnownFileType = image.png; path = paper4.png; sourceTree = "<group>"; };
		37C7477A167BD33100A3D9A0 /* paper5.png */ = {isa = PBXFileReference; lastKnownFileType = image.png; path = paper5.png; sourceTree = "<group>"; };
		37C747AE1682631500A3D9A0 /* TPTVerticalCollectionView.h */ = {isa = PBXFileReference; fileEncoding = 4; lastKnownFileType = sourcecode.c.h; path = TPTVerticalCollectionView.h; sourceTree = "<group>"; };
		37C747AF1682631500A3D9A0 /* TPTVerticalCollectionView.m */ = {isa = PBXFileReference; fileEncoding = 4; lastKnownFileType = sourcecode.c.objc; path = TPTVerticalCollectionView.m; sourceTree = "<group>"; };
		37C747B116827CEE00A3D9A0 /* TPTVerticalCollectionCell.h */ = {isa = PBXFileReference; fileEncoding = 4; lastKnownFileType = sourcecode.c.h; path = TPTVerticalCollectionCell.h; sourceTree = "<group>"; };
		37C747B216827CEE00A3D9A0 /* TPTVerticalCollectionCell.m */ = {isa = PBXFileReference; fileEncoding = 4; lastKnownFileType = sourcecode.c.objc; path = TPTVerticalCollectionCell.m; sourceTree = "<group>"; };
		37C747B41682850300A3D9A0 /* animal1.png */ = {isa = PBXFileReference; lastKnownFileType = image.png; path = animal1.png; sourceTree = "<group>"; };
		37C747B51682850300A3D9A0 /* animal2.png */ = {isa = PBXFileReference; lastKnownFileType = image.png; path = animal2.png; sourceTree = "<group>"; };
		37C747B61682850300A3D9A0 /* animal3.png */ = {isa = PBXFileReference; lastKnownFileType = image.png; path = animal3.png; sourceTree = "<group>"; };
		37C747B71682850300A3D9A0 /* animal4.png */ = {isa = PBXFileReference; lastKnownFileType = image.png; path = animal4.png; sourceTree = "<group>"; };
		37C747B81682850300A3D9A0 /* animal5.png */ = {isa = PBXFileReference; lastKnownFileType = image.png; path = animal5.png; sourceTree = "<group>"; };
		37C747B91682850300A3D9A0 /* animal6.png */ = {isa = PBXFileReference; lastKnownFileType = image.png; path = animal6.png; sourceTree = "<group>"; };
		37C747BA1682850300A3D9A0 /* animal7.png */ = {isa = PBXFileReference; lastKnownFileType = image.png; path = animal7.png; sourceTree = "<group>"; };
		37C747BB1682850300A3D9A0 /* animal8.png */ = {isa = PBXFileReference; lastKnownFileType = image.png; path = animal8.png; sourceTree = "<group>"; };
		37C747BC1682850300A3D9A0 /* animal9.png */ = {isa = PBXFileReference; lastKnownFileType = image.png; path = animal9.png; sourceTree = "<group>"; };
		37C747BD1682850300A3D9A0 /* animal10.png */ = {isa = PBXFileReference; lastKnownFileType = image.png; path = animal10.png; sourceTree = "<group>"; };
		37C747BE1682850300A3D9A0 /* animal11.png */ = {isa = PBXFileReference; lastKnownFileType = image.png; path = animal11.png; sourceTree = "<group>"; };
		37C747BF1682850300A3D9A0 /* animal12.png */ = {isa = PBXFileReference; lastKnownFileType = image.png; path = animal12.png; sourceTree = "<group>"; };
		37C747C01682850300A3D9A0 /* animal13.png */ = {isa = PBXFileReference; lastKnownFileType = image.png; path = animal13.png; sourceTree = "<group>"; };
		37C747C11682850300A3D9A0 /* animal14.png */ = {isa = PBXFileReference; lastKnownFileType = image.png; path = animal14.png; sourceTree = "<group>"; };
		37C747C21682850300A3D9A0 /* autumn1.png */ = {isa = PBXFileReference; lastKnownFileType = image.png; path = autumn1.png; sourceTree = "<group>"; };
		37C747C31682850300A3D9A0 /* autumn2.png */ = {isa = PBXFileReference; lastKnownFileType = image.png; path = autumn2.png; sourceTree = "<group>"; };
		37C747C41682850300A3D9A0 /* autumn3.png */ = {isa = PBXFileReference; lastKnownFileType = image.png; path = autumn3.png; sourceTree = "<group>"; };
		37C747C51682850300A3D9A0 /* autumn4.png */ = {isa = PBXFileReference; lastKnownFileType = image.png; path = autumn4.png; sourceTree = "<group>"; };
		37C747C61682850300A3D9A0 /* autumn5.png */ = {isa = PBXFileReference; lastKnownFileType = image.png; path = autumn5.png; sourceTree = "<group>"; };
		37C747C71682850300A3D9A0 /* autumn6.png */ = {isa = PBXFileReference; lastKnownFileType = image.png; path = autumn6.png; sourceTree = "<group>"; };
		37C747C81682850300A3D9A0 /* autumn7.png */ = {isa = PBXFileReference; lastKnownFileType = image.png; path = autumn7.png; sourceTree = "<group>"; };
		37C747C91682850300A3D9A0 /* autumn8.png */ = {isa = PBXFileReference; lastKnownFileType = image.png; path = autumn8.png; sourceTree = "<group>"; };
		37C747CA1682850300A3D9A0 /* autumn9.png */ = {isa = PBXFileReference; lastKnownFileType = image.png; path = autumn9.png; sourceTree = "<group>"; };
		37C747E21682851100A3D9A0 /* celebrity1.png */ = {isa = PBXFileReference; lastKnownFileType = image.png; path = celebrity1.png; sourceTree = "<group>"; };
		37C747E31682851100A3D9A0 /* celebrity2.png */ = {isa = PBXFileReference; lastKnownFileType = image.png; path = celebrity2.png; sourceTree = "<group>"; };
		37C747E41682851100A3D9A0 /* celebrity3.png */ = {isa = PBXFileReference; lastKnownFileType = image.png; path = celebrity3.png; sourceTree = "<group>"; };
		37C747E51682851100A3D9A0 /* celebrity4.png */ = {isa = PBXFileReference; lastKnownFileType = image.png; path = celebrity4.png; sourceTree = "<group>"; };
		37C747E61682851100A3D9A0 /* celebrity5.png */ = {isa = PBXFileReference; lastKnownFileType = image.png; path = celebrity5.png; sourceTree = "<group>"; };
		37C747E71682851100A3D9A0 /* celebrity6.png */ = {isa = PBXFileReference; lastKnownFileType = image.png; path = celebrity6.png; sourceTree = "<group>"; };
		37C747E81682851100A3D9A0 /* celebrity7.png */ = {isa = PBXFileReference; lastKnownFileType = image.png; path = celebrity7.png; sourceTree = "<group>"; };
		37C747E91682851100A3D9A0 /* celebrity8.png */ = {isa = PBXFileReference; lastKnownFileType = image.png; path = celebrity8.png; sourceTree = "<group>"; };
		37C747EA1682851100A3D9A0 /* celebrity9.png */ = {isa = PBXFileReference; lastKnownFileType = image.png; path = celebrity9.png; sourceTree = "<group>"; };
		37C747EB1682851100A3D9A0 /* celebrity10.png */ = {isa = PBXFileReference; lastKnownFileType = image.png; path = celebrity10.png; sourceTree = "<group>"; };
		37C747EC1682851100A3D9A0 /* celebrity11.png */ = {isa = PBXFileReference; lastKnownFileType = image.png; path = celebrity11.png; sourceTree = "<group>"; };
		37C747ED1682851100A3D9A0 /* food1.png */ = {isa = PBXFileReference; lastKnownFileType = image.png; path = food1.png; sourceTree = "<group>"; };
		37C747EE1682851100A3D9A0 /* food2.png */ = {isa = PBXFileReference; lastKnownFileType = image.png; path = food2.png; sourceTree = "<group>"; };
		37C747EF1682851100A3D9A0 /* food3.png */ = {isa = PBXFileReference; lastKnownFileType = image.png; path = food3.png; sourceTree = "<group>"; };
		37C747F01682851100A3D9A0 /* food4.png */ = {isa = PBXFileReference; lastKnownFileType = image.png; path = food4.png; sourceTree = "<group>"; };
		37C747F11682851100A3D9A0 /* food5.png */ = {isa = PBXFileReference; lastKnownFileType = image.png; path = food5.png; sourceTree = "<group>"; };
		37C747F21682851100A3D9A0 /* food6.png */ = {isa = PBXFileReference; lastKnownFileType = image.png; path = food6.png; sourceTree = "<group>"; };
		37C747F31682851100A3D9A0 /* food7.png */ = {isa = PBXFileReference; lastKnownFileType = image.png; path = food7.png; sourceTree = "<group>"; };
		37C747F41682851100A3D9A0 /* food8.png */ = {isa = PBXFileReference; lastKnownFileType = image.png; path = food8.png; sourceTree = "<group>"; };
		37C747F51682851100A3D9A0 /* food9.png */ = {isa = PBXFileReference; lastKnownFileType = image.png; path = food9.png; sourceTree = "<group>"; };
		37C747F61682851100A3D9A0 /* food10.png */ = {isa = PBXFileReference; lastKnownFileType = image.png; path = food10.png; sourceTree = "<group>"; };
		37C747F71682851100A3D9A0 /* food11.png */ = {isa = PBXFileReference; lastKnownFileType = image.png; path = food11.png; sourceTree = "<group>"; };
		37C7480E1682852000A3D9A0 /* space1.png */ = {isa = PBXFileReference; lastKnownFileType = image.png; path = space1.png; sourceTree = "<group>"; };
		37C7480F1682852000A3D9A0 /* space2.png */ = {isa = PBXFileReference; lastKnownFileType = image.png; path = space2.png; sourceTree = "<group>"; };
		37C748101682852000A3D9A0 /* space3.png */ = {isa = PBXFileReference; lastKnownFileType = image.png; path = space3.png; sourceTree = "<group>"; };
		37C748111682852000A3D9A0 /* space4.png */ = {isa = PBXFileReference; lastKnownFileType = image.png; path = space4.png; sourceTree = "<group>"; };
		37C748121682852000A3D9A0 /* space5.png */ = {isa = PBXFileReference; lastKnownFileType = image.png; path = space5.png; sourceTree = "<group>"; };
		37C748131682852000A3D9A0 /* space6.png */ = {isa = PBXFileReference; lastKnownFileType = image.png; path = space6.png; sourceTree = "<group>"; };
		37C748141682852000A3D9A0 /* space7.png */ = {isa = PBXFileReference; lastKnownFileType = image.png; path = space7.png; sourceTree = "<group>"; };
		37C748151682852000A3D9A0 /* space8.png */ = {isa = PBXFileReference; lastKnownFileType = image.png; path = space8.png; sourceTree = "<group>"; };
		37C748161682852000A3D9A0 /* space9.png */ = {isa = PBXFileReference; lastKnownFileType = image.png; path = space9.png; sourceTree = "<group>"; };
		37C748171682852000A3D9A0 /* space10.png */ = {isa = PBXFileReference; lastKnownFileType = image.png; path = space10.png; sourceTree = "<group>"; };
		37C748181682852000A3D9A0 /* space11.png */ = {isa = PBXFileReference; lastKnownFileType = image.png; path = space11.png; sourceTree = "<group>"; };
		37C748191682852000A3D9A0 /* space12.png */ = {isa = PBXFileReference; lastKnownFileType = image.png; path = space12.png; sourceTree = "<group>"; };
		37C7481A1682852000A3D9A0 /* space13.png */ = {isa = PBXFileReference; lastKnownFileType = image.png; path = space13.png; sourceTree = "<group>"; };
		37C7481B1682852000A3D9A0 /* space14.png */ = {isa = PBXFileReference; lastKnownFileType = image.png; path = space14.png; sourceTree = "<group>"; };
		37C7481C1682852000A3D9A0 /* travel1.png */ = {isa = PBXFileReference; lastKnownFileType = image.png; path = travel1.png; sourceTree = "<group>"; };
		37C7481D1682852000A3D9A0 /* travel2.png */ = {isa = PBXFileReference; lastKnownFileType = image.png; path = travel2.png; sourceTree = "<group>"; };
		37C7481E1682852000A3D9A0 /* travel3.png */ = {isa = PBXFileReference; lastKnownFileType = image.png; path = travel3.png; sourceTree = "<group>"; };
		37C7481F1682852000A3D9A0 /* travel4.png */ = {isa = PBXFileReference; lastKnownFileType = image.png; path = travel4.png; sourceTree = "<group>"; };
		37C748201682852000A3D9A0 /* travel5.png */ = {isa = PBXFileReference; lastKnownFileType = image.png; path = travel5.png; sourceTree = "<group>"; };
		37C748211682852000A3D9A0 /* travel6.png */ = {isa = PBXFileReference; lastKnownFileType = image.png; path = travel6.png; sourceTree = "<group>"; };
		37C748221682852000A3D9A0 /* travel7.png */ = {isa = PBXFileReference; lastKnownFileType = image.png; path = travel7.png; sourceTree = "<group>"; };
		37C748231682852000A3D9A0 /* travel8.png */ = {isa = PBXFileReference; lastKnownFileType = image.png; path = travel8.png; sourceTree = "<group>"; };
		37C748241682852000A3D9A0 /* travel9.png */ = {isa = PBXFileReference; lastKnownFileType = image.png; path = travel9.png; sourceTree = "<group>"; };
		37C748251682852000A3D9A0 /* travel10.png */ = {isa = PBXFileReference; lastKnownFileType = image.png; path = travel10.png; sourceTree = "<group>"; };
		37C748261682852000A3D9A0 /* travel11.png */ = {isa = PBXFileReference; lastKnownFileType = image.png; path = travel11.png; sourceTree = "<group>"; };
		37C748271682852000A3D9A0 /* travel12.png */ = {isa = PBXFileReference; lastKnownFileType = image.png; path = travel12.png; sourceTree = "<group>"; };
		37C748281682852000A3D9A0 /* travel13.png */ = {isa = PBXFileReference; lastKnownFileType = image.png; path = travel13.png; sourceTree = "<group>"; };
		37C748291682852000A3D9A0 /* travel14.png */ = {isa = PBXFileReference; lastKnownFileType = image.png; path = travel14.png; sourceTree = "<group>"; };
		37C7482A1682852000A3D9A0 /* travel15.png */ = {isa = PBXFileReference; lastKnownFileType = image.png; path = travel15.png; sourceTree = "<group>"; };
		37C7482B1682852000A3D9A0 /* winter1.png */ = {isa = PBXFileReference; lastKnownFileType = image.png; path = winter1.png; sourceTree = "<group>"; };
		37C7482C1682852000A3D9A0 /* winter2.png */ = {isa = PBXFileReference; lastKnownFileType = image.png; path = winter2.png; sourceTree = "<group>"; };
		37C7482D1682852000A3D9A0 /* winter3.png */ = {isa = PBXFileReference; lastKnownFileType = image.png; path = winter3.png; sourceTree = "<group>"; };
		37C7482E1682852000A3D9A0 /* winter4.png */ = {isa = PBXFileReference; lastKnownFileType = image.png; path = winter4.png; sourceTree = "<group>"; };
		37C7482F1682852000A3D9A0 /* winter5.png */ = {isa = PBXFileReference; lastKnownFileType = image.png; path = winter5.png; sourceTree = "<group>"; };
		37C748301682852000A3D9A0 /* winter6.png */ = {isa = PBXFileReference; lastKnownFileType = image.png; path = winter6.png; sourceTree = "<group>"; };
		37C748311682852000A3D9A0 /* winter7.png */ = {isa = PBXFileReference; lastKnownFileType = image.png; path = winter7.png; sourceTree = "<group>"; };
		37C748321682852000A3D9A0 /* winter8.png */ = {isa = PBXFileReference; lastKnownFileType = image.png; path = winter8.png; sourceTree = "<group>"; };
		37C748331682852000A3D9A0 /* winter9.png */ = {isa = PBXFileReference; lastKnownFileType = image.png; path = winter9.png; sourceTree = "<group>"; };
		37C748341682852000A3D9A0 /* winter10.png */ = {isa = PBXFileReference; lastKnownFileType = image.png; path = winter10.png; sourceTree = "<group>"; };
		37C748351682852000A3D9A0 /* winter11.png */ = {isa = PBXFileReference; lastKnownFileType = image.png; path = winter11.png; sourceTree = "<group>"; };
		37C748361682852000A3D9A0 /* winter12.png */ = {isa = PBXFileReference; lastKnownFileType = image.png; path = winter12.png; sourceTree = "<group>"; };
		37C748371682852000A3D9A0 /* winter13.png */ = {isa = PBXFileReference; lastKnownFileType = image.png; path = winter13.png; sourceTree = "<group>"; };
		37D7DAB9167A868600D7400B /* CoverFlowMatrix.app */ = {isa = PBXFileReference; explicitFileType = wrapper.application; includeInIndex = 0; path = CoverFlowMatrix.app; sourceTree = BUILT_PRODUCTS_DIR; };
		37D7DABD167A868600D7400B /* UIKit.framework */ = {isa = PBXFileReference; lastKnownFileType = wrapper.framework; name = UIKit.framework; path = System/Library/Frameworks/UIKit.framework; sourceTree = SDKROOT; };
		37D7DABF167A868600D7400B /* Foundation.framework */ = {isa = PBXFileReference; lastKnownFileType = wrapper.framework; name = Foundation.framework; path = System/Library/Frameworks/Foundation.framework; sourceTree = SDKROOT; };
		37D7DAC1167A868600D7400B /* CoreGraphics.framework */ = {isa = PBXFileReference; lastKnownFileType = wrapper.framework; name = CoreGraphics.framework; path = System/Library/Frameworks/CoreGraphics.framework; sourceTree = SDKROOT; };
		37D7DAC5167A868600D7400B /* CoverFlowMatrix-Info.plist */ = {isa = PBXFileReference; lastKnownFileType = text.plist.xml; path = "CoverFlowMatrix-Info.plist"; sourceTree = "<group>"; };
		37D7DAC7167A868600D7400B /* en */ = {isa = PBXFileReference; lastKnownFileType = text.plist.strings; name = en; path = en.lproj/InfoPlist.strings; sourceTree = "<group>"; };
		37D7DAC9167A868600D7400B /* main.m */ = {isa = PBXFileReference; lastKnownFileType = sourcecode.c.objc; path = main.m; sourceTree = "<group>"; };
		37D7DACB167A868600D7400B /* CoverFlowMatrix-Prefix.pch */ = {isa = PBXFileReference; lastKnownFileType = sourcecode.c.h; path = "CoverFlowMatrix-Prefix.pch"; sourceTree = "<group>"; };
		37D7DACC167A868600D7400B /* AppDelegate.h */ = {isa = PBXFileReference; lastKnownFileType = sourcecode.c.h; path = AppDelegate.h; sourceTree = "<group>"; };
		37D7DACD167A868600D7400B /* AppDelegate.m */ = {isa = PBXFileReference; lastKnownFileType = sourcecode.c.objc; path = AppDelegate.m; sourceTree = "<group>"; };
		37D7DACF167A868600D7400B /* Default.png */ = {isa = PBXFileReference; lastKnownFileType = image.png; path = Default.png; sourceTree = "<group>"; };
		37D7DAD1167A868700D7400B /* Default@2x.png */ = {isa = PBXFileReference; lastKnownFileType = image.png; path = "Default@2x.png"; sourceTree = "<group>"; };
		37D7DAD3167A868700D7400B /* Default-568h@2x.png */ = {isa = PBXFileReference; lastKnownFileType = image.png; path = "Default-568h@2x.png"; sourceTree = "<group>"; };
		37D7DAD5167A868700D7400B /* ViewController.h */ = {isa = PBXFileReference; lastKnownFileType = sourcecode.c.h; path = ViewController.h; sourceTree = "<group>"; };
		37D7DAD6167A868700D7400B /* ViewController.m */ = {isa = PBXFileReference; lastKnownFileType = sourcecode.c.objc; path = ViewController.m; sourceTree = "<group>"; };
		37D7DAD9167A868700D7400B /* en */ = {isa = PBXFileReference; lastKnownFileType = file.xib; name = en; path = en.lproj/ViewController.xib; sourceTree = "<group>"; };
		37D7DAE0167A944700D7400B /* TPTCell.xib */ = {isa = PBXFileReference; fileEncoding = 4; lastKnownFileType = file.xib; path = TPTCell.xib; sourceTree = "<group>"; };
		37D7DAE2167A977D00D7400B /* TPTCell.h */ = {isa = PBXFileReference; fileEncoding = 4; lastKnownFileType = sourcecode.c.h; path = TPTCell.h; sourceTree = "<group>"; };
		37D7DAE3167A977D00D7400B /* TPTCell.m */ = {isa = PBXFileReference; fileEncoding = 4; lastKnownFileType = sourcecode.c.objc; path = TPTCell.m; sourceTree = "<group>"; };
		37D7DAE8167A9D7300D7400B /* TPTCoverFlowLayout.h */ = {isa = PBXFileReference; fileEncoding = 4; lastKnownFileType = sourcecode.c.h; path = TPTCoverFlowLayout.h; sourceTree = "<group>"; };
		37D7DAE9167A9D7300D7400B /* TPTCoverFlowLayout.m */ = {isa = PBXFileReference; fileEncoding = 4; lastKnownFileType = sourcecode.c.objc; path = TPTCoverFlowLayout.m; sourceTree = "<group>"; };
		37D7DAEB167AAD6D00D7400B /* QuartzCore.framework */ = {isa = PBXFileReference; lastKnownFileType = wrapper.framework; name = QuartzCore.framework; path = System/Library/Frameworks/QuartzCore.framework; sourceTree = SDKROOT; };
/* End PBXFileReference section */

/* Begin PBXFrameworksBuildPhase section */
		37D7DAB6167A868600D7400B /* Frameworks */ = {
			isa = PBXFrameworksBuildPhase;
			buildActionMask = 2147483647;
			files = (
				37D7DAEC167AAD6D00D7400B /* QuartzCore.framework in Frameworks */,
				37D7DABE167A868600D7400B /* UIKit.framework in Frameworks */,
				37D7DAC0167A868600D7400B /* Foundation.framework in Frameworks */,
				37D7DAC2167A868600D7400B /* CoreGraphics.framework in Frameworks */,
			);
			runOnlyForDeploymentPostprocessing = 0;
		};
/* End PBXFrameworksBuildPhase section */

/* Begin PBXGroup section */
		378E57FE168379EE0036C2D1 /* Classes */ = {
			isa = PBXGroup;
			children = (
				37D7DAE6167A9D1600D7400B /* Cells */,
				37D7DAE5167A9D0800D7400B /* Layouts */,
				37C747AE1682631500A3D9A0 /* TPTVerticalCollectionView.h */,
				37C747AF1682631500A3D9A0 /* TPTVerticalCollectionView.m */,
			);
			name = Classes;
			sourceTree = "<group>";
		};
		378E5800168379FC0036C2D1 /* Resources */ = {
			isa = PBXGroup;
			children = (
				37C74757167BD33100A3D9A0 /* Images */,
			);
			name = Resources;
			sourceTree = "<group>";
		};
		37C74757167BD33100A3D9A0 /* Images */ = {
			isa = PBXGroup;
			children = (
				37C7480E1682852000A3D9A0 /* space1.png */,
				37C7480F1682852000A3D9A0 /* space2.png */,
				37C748101682852000A3D9A0 /* space3.png */,
				37C748111682852000A3D9A0 /* space4.png */,
				37C748121682852000A3D9A0 /* space5.png */,
				37C748131682852000A3D9A0 /* space6.png */,
				37C748141682852000A3D9A0 /* space7.png */,
				37C748151682852000A3D9A0 /* space8.png */,
				37C748161682852000A3D9A0 /* space9.png */,
				37C748171682852000A3D9A0 /* space10.png */,
				37C748181682852000A3D9A0 /* space11.png */,
				37C748191682852000A3D9A0 /* space12.png */,
				37C7481A1682852000A3D9A0 /* space13.png */,
				37C7481B1682852000A3D9A0 /* space14.png */,
				37C7481C1682852000A3D9A0 /* travel1.png */,
				37C7481D1682852000A3D9A0 /* travel2.png */,
				37C7481E1682852000A3D9A0 /* travel3.png */,
				37C7481F1682852000A3D9A0 /* travel4.png */,
				37C748201682852000A3D9A0 /* travel5.png */,
				37C748211682852000A3D9A0 /* travel6.png */,
				37C748221682852000A3D9A0 /* travel7.png */,
				37C748231682852000A3D9A0 /* travel8.png */,
				37C748241682852000A3D9A0 /* travel9.png */,
				37C748251682852000A3D9A0 /* travel10.png */,
				37C748261682852000A3D9A0 /* travel11.png */,
				37C748271682852000A3D9A0 /* travel12.png */,
				37C748281682852000A3D9A0 /* travel13.png */,
				37C748291682852000A3D9A0 /* travel14.png */,
				37C7482A1682852000A3D9A0 /* travel15.png */,
				37C7482B1682852000A3D9A0 /* winter1.png */,
				37C7482C1682852000A3D9A0 /* winter2.png */,
				37C7482D1682852000A3D9A0 /* winter3.png */,
				37C7482E1682852000A3D9A0 /* winter4.png */,
				37C7482F1682852000A3D9A0 /* winter5.png */,
				37C748301682852000A3D9A0 /* winter6.png */,
				37C748311682852000A3D9A0 /* winter7.png */,
				37C748321682852000A3D9A0 /* winter8.png */,
				37C748331682852000A3D9A0 /* winter9.png */,
				37C748341682852000A3D9A0 /* winter10.png */,
				37C748351682852000A3D9A0 /* winter11.png */,
				37C748361682852000A3D9A0 /* winter12.png */,
				37C748371682852000A3D9A0 /* winter13.png */,
				37C747E21682851100A3D9A0 /* celebrity1.png */,
				37C747E31682851100A3D9A0 /* celebrity2.png */,
				37C747E41682851100A3D9A0 /* celebrity3.png */,
				37C747E51682851100A3D9A0 /* celebrity4.png */,
				37C747E61682851100A3D9A0 /* celebrity5.png */,
				37C747E71682851100A3D9A0 /* celebrity6.png */,
				37C747E81682851100A3D9A0 /* celebrity7.png */,
				37C747E91682851100A3D9A0 /* celebrity8.png */,
				37C747EA1682851100A3D9A0 /* celebrity9.png */,
				37C747EB1682851100A3D9A0 /* celebrity10.png */,
				37C747EC1682851100A3D9A0 /* celebrity11.png */,
				37C747ED1682851100A3D9A0 /* food1.png */,
				37C747EE1682851100A3D9A0 /* food2.png */,
				37C747EF1682851100A3D9A0 /* food3.png */,
				37C747F01682851100A3D9A0 /* food4.png */,
				37C747F11682851100A3D9A0 /* food5.png */,
				37C747F21682851100A3D9A0 /* food6.png */,
				37C747F31682851100A3D9A0 /* food7.png */,
				37C747F41682851100A3D9A0 /* food8.png */,
				37C747F51682851100A3D9A0 /* food9.png */,
				37C747F61682851100A3D9A0 /* food10.png */,
				37C747F71682851100A3D9A0 /* food11.png */,
				37C747B41682850300A3D9A0 /* animal1.png */,
				37C747B51682850300A3D9A0 /* animal2.png */,
				37C747B61682850300A3D9A0 /* animal3.png */,
				37C747B71682850300A3D9A0 /* animal4.png */,
				37C747B81682850300A3D9A0 /* animal5.png */,
				37C747B91682850300A3D9A0 /* animal6.png */,
				37C747BA1682850300A3D9A0 /* animal7.png */,
				37C747BB1682850300A3D9A0 /* animal8.png */,
				37C747BC1682850300A3D9A0 /* animal9.png */,
				37C747BD1682850300A3D9A0 /* animal10.png */,
				37C747BE1682850300A3D9A0 /* animal11.png */,
				37C747BF1682850300A3D9A0 /* animal12.png */,
				37C747C01682850300A3D9A0 /* animal13.png */,
				37C747C11682850300A3D9A0 /* animal14.png */,
				37C747C21682850300A3D9A0 /* autumn1.png */,
				37C747C31682850300A3D9A0 /* autumn2.png */,
				37C747C41682850300A3D9A0 /* autumn3.png */,
				37C747C51682850300A3D9A0 /* autumn4.png */,
				37C747C61682850300A3D9A0 /* autumn5.png */,
				37C747C71682850300A3D9A0 /* autumn6.png */,
				37C747C81682850300A3D9A0 /* autumn7.png */,
				37C747C91682850300A3D9A0 /* autumn8.png */,
				37C747CA1682850300A3D9A0 /* autumn9.png */,
				37C74758167BD33100A3D9A0 /* bamfield1.png */,
				37C74759167BD33100A3D9A0 /* bamfield2.png */,
				37C7475A167BD33100A3D9A0 /* bamfield3.png */,
				37C7475B167BD33100A3D9A0 /* bamfield4.png */,
				37C7475C167BD33100A3D9A0 /* bamfield5.png */,
				37C7475D167BD33100A3D9A0 /* bamfield6.png */,
				37C7475E167BD33100A3D9A0 /* bamfield7.png */,
				37C7475F167BD33100A3D9A0 /* bamfield8.png */,
				37C74760167BD33100A3D9A0 /* bamfield9.png */,
				37C74761167BD33100A3D9A0 /* blur1.png */,
				37C74762167BD33100A3D9A0 /* blur10.png */,
				37C74763167BD33100A3D9A0 /* blur11.png */,
				37C74764167BD33100A3D9A0 /* blur12.png */,
				37C74765167BD33100A3D9A0 /* blur13.png */,
				37C74766167BD33100A3D9A0 /* blur2.png */,
				37C74767167BD33100A3D9A0 /* blur3.png */,
				37C74768167BD33100A3D9A0 /* blur4.png */,
				37C74769167BD33100A3D9A0 /* blur5.png */,
				37C7476A167BD33100A3D9A0 /* blur6.png */,
				37C7476B167BD33100A3D9A0 /* blur7.png */,
				37C7476C167BD33100A3D9A0 /* blur8.png */,
				37C7476D167BD33100A3D9A0 /* blur9.png */,
				37C7476E167BD33100A3D9A0 /* mexico1.png */,
				37C7476F167BD33100A3D9A0 /* mexico2.png */,
				37C74770167BD33100A3D9A0 /* mexico3.png */,
				37C74771167BD33100A3D9A0 /* mexico4.png */,
				37C74772167BD33100A3D9A0 /* mexico5.png */,
				37C74773167BD33100A3D9A0 /* mexico6.png */,
				37C74774167BD33100A3D9A0 /* mexico7.png */,
				37C74775167BD33100A3D9A0 /* mexico8.png */,
				37C74776167BD33100A3D9A0 /* paper1.png */,
				37C74777167BD33100A3D9A0 /* paper2.png */,
				37C74778167BD33100A3D9A0 /* paper3.png */,
				37C74779167BD33100A3D9A0 /* paper4.png */,
				37C7477A167BD33100A3D9A0 /* paper5.png */,
			);
			name = Images;
			path = tiles;
			sourceTree = "<group>";
		};
		37D7DAAE167A868600D7400B = {
			isa = PBXGroup;
			children = (
				37D7DAEB167AAD6D00D7400B /* QuartzCore.framework */,
				37D7DAC3167A868600D7400B /* CoverFlowMatrix */,
				37D7DABC167A868600D7400B /* Frameworks */,
				37D7DABA167A868600D7400B /* Products */,
			);
			sourceTree = "<group>";
		};
		37D7DABA167A868600D7400B /* Products */ = {
			isa = PBXGroup;
			children = (
				37D7DAB9167A868600D7400B /* CoverFlowMatrix.app */,
			);
			name = Products;
			sourceTree = "<group>";
		};
		37D7DABC167A868600D7400B /* Frameworks */ = {
			isa = PBXGroup;
			children = (
				37D7DABD167A868600D7400B /* UIKit.framework */,
				37D7DABF167A868600D7400B /* Foundation.framework */,
				37D7DAC1167A868600D7400B /* CoreGraphics.framework */,
			);
			name = Frameworks;
			sourceTree = "<group>";
		};
		37D7DAC3167A868600D7400B /* CoverFlowMatrix */ = {
			isa = PBXGroup;
			children = (
				378E5800168379FC0036C2D1 /* Resources */,
				378E57FE168379EE0036C2D1 /* Classes */,
				37D7DAD5167A868700D7400B /* ViewController.h */,
				37D7DAD6167A868700D7400B /* ViewController.m */,
				37D7DAD8167A868700D7400B /* ViewController.xib */,
				37D7DAE7167A9D2200D7400B /* AppDelegate */,
				37D7DAC4167A868600D7400B /* Supporting Files */,
			);
			path = CoverFlowMatrix;
			sourceTree = "<group>";
		};
		37D7DAC4167A868600D7400B /* Supporting Files */ = {
			isa = PBXGroup;
			children = (
				37D7DAC5167A868600D7400B /* CoverFlowMatrix-Info.plist */,
				37D7DAC6167A868600D7400B /* InfoPlist.strings */,
				37D7DAC9167A868600D7400B /* main.m */,
				37D7DACB167A868600D7400B /* CoverFlowMatrix-Prefix.pch */,
				37D7DACF167A868600D7400B /* Default.png */,
				37D7DAD1167A868700D7400B /* Default@2x.png */,
				37D7DAD3167A868700D7400B /* Default-568h@2x.png */,
			);
			name = "Supporting Files";
			sourceTree = "<group>";
		};
		37D7DAE5167A9D0800D7400B /* Layouts */ = {
			isa = PBXGroup;
			children = (
				37D7DAE8167A9D7300D7400B /* TPTCoverFlowLayout.h */,
				37D7DAE9167A9D7300D7400B /* TPTCoverFlowLayout.m */,
			);
			name = Layouts;
			sourceTree = "<group>";
		};
		37D7DAE6167A9D1600D7400B /* Cells */ = {
			isa = PBXGroup;
			children = (
				37D7DAE0167A944700D7400B /* TPTCell.xib */,
				37D7DAE2167A977D00D7400B /* TPTCell.h */,
				37D7DAE3167A977D00D7400B /* TPTCell.m */,
				37C747B116827CEE00A3D9A0 /* TPTVerticalCollectionCell.h */,
				37C747B216827CEE00A3D9A0 /* TPTVerticalCollectionCell.m */,
			);
			name = Cells;
			sourceTree = "<group>";
		};
		37D7DAE7167A9D2200D7400B /* AppDelegate */ = {
			isa = PBXGroup;
			children = (
				37D7DACC167A868600D7400B /* AppDelegate.h */,
				37D7DACD167A868600D7400B /* AppDelegate.m */,
			);
			name = AppDelegate;
			sourceTree = "<group>";
		};
/* End PBXGroup section */

/* Begin PBXNativeTarget section */
		37D7DAB8167A868600D7400B /* CoverFlowMatrix */ = {
			isa = PBXNativeTarget;
			buildConfigurationList = 37D7DADD167A868700D7400B /* Build configuration list for PBXNativeTarget "CoverFlowMatrix" */;
			buildPhases = (
				37D7DAB5167A868600D7400B /* Sources */,
				37D7DAB6167A868600D7400B /* Frameworks */,
				37D7DAB7167A868600D7400B /* Resources */,
			);
			buildRules = (
			);
			dependencies = (
			);
			name = CoverFlowMatrix;
			productName = CoverFlowMatrix;
			productReference = 37D7DAB9167A868600D7400B /* CoverFlowMatrix.app */;
			productType = "com.apple.product-type.application";
		};
/* End PBXNativeTarget section */

/* Begin PBXProject section */
		37D7DAB0167A868600D7400B /* Project object */ = {
			isa = PBXProject;
			attributes = {
				LastUpgradeCheck = 0450;
				ORGANIZATIONNAME = "Braxio Interactive";
			};
			buildConfigurationList = 37D7DAB3167A868600D7400B /* Build configuration list for PBXProject "CoverFlowMatrix" */;
			compatibilityVersion = "Xcode 3.2";
			developmentRegion = English;
			hasScannedForEncodings = 0;
			knownRegions = (
				en,
			);
			mainGroup = 37D7DAAE167A868600D7400B;
			productRefGroup = 37D7DABA167A868600D7400B /* Products */;
			projectDirPath = "";
			projectRoot = "";
			targets = (
				37D7DAB8167A868600D7400B /* CoverFlowMatrix */,
			);
		};
/* End PBXProject section */

/* Begin PBXResourcesBuildPhase section */
		37D7DAB7167A868600D7400B /* Resources */ = {
			isa = PBXResourcesBuildPhase;
			buildActionMask = 2147483647;
			files = (
				37D7DAC8167A868600D7400B /* InfoPlist.strings in Resources */,
				37D7DAD0167A868600D7400B /* Default.png in Resources */,
				37D7DAD2167A868700D7400B /* Default@2x.png in Resources */,
				37D7DAD4167A868700D7400B /* Default-568h@2x.png in Resources */,
				37D7DADA167A868700D7400B /* ViewController.xib in Resources */,
				37D7DAE1167A944700D7400B /* TPTCell.xib in Resources */,
				37C7477B167BD33100A3D9A0 /* bamfield1.png in Resources */,
				37C7477C167BD33100A3D9A0 /* bamfield2.png in Resources */,
				37C7477D167BD33100A3D9A0 /* bamfield3.png in Resources */,
				37C7477E167BD33100A3D9A0 /* bamfield4.png in Resources */,
				37C7477F167BD33100A3D9A0 /* bamfield5.png in Resources */,
				37C74780167BD33100A3D9A0 /* bamfield6.png in Resources */,
				37C74781167BD33100A3D9A0 /* bamfield7.png in Resources */,
				37C74782167BD33100A3D9A0 /* bamfield8.png in Resources */,
				37C74783167BD33100A3D9A0 /* bamfield9.png in Resources */,
				37C74784167BD33100A3D9A0 /* blur1.png in Resources */,
				37C74785167BD33100A3D9A0 /* blur10.png in Resources */,
				37C74786167BD33100A3D9A0 /* blur11.png in Resources */,
				37C74787167BD33100A3D9A0 /* blur12.png in Resources */,
				37C74788167BD33100A3D9A0 /* blur13.png in Resources */,
				37C74789167BD33100A3D9A0 /* blur2.png in Resources */,
				37C7478A167BD33100A3D9A0 /* blur3.png in Resources */,
				37C7478B167BD33100A3D9A0 /* blur4.png in Resources */,
				37C7478C167BD33100A3D9A0 /* blur5.png in Resources */,
				37C7478D167BD33100A3D9A0 /* blur6.png in Resources */,
				37C7478E167BD33100A3D9A0 /* blur7.png in Resources */,
				37C7478F167BD33100A3D9A0 /* blur8.png in Resources */,
				37C74790167BD33100A3D9A0 /* blur9.png in Resources */,
				37C74791167BD33100A3D9A0 /* mexico1.png in Resources */,
				37C74792167BD33100A3D9A0 /* mexico2.png in Resources */,
				37C74793167BD33100A3D9A0 /* mexico3.png in Resources */,
				37C74794167BD33100A3D9A0 /* mexico4.png in Resources */,
				37C74795167BD33100A3D9A0 /* mexico5.png in Resources */,
				37C74796167BD33100A3D9A0 /* mexico6.png in Resources */,
				37C74797167BD33100A3D9A0 /* mexico7.png in Resources */,
				37C74798167BD33100A3D9A0 /* mexico8.png in Resources */,
				37C74799167BD33100A3D9A0 /* paper1.png in Resources */,
				37C7479A167BD33100A3D9A0 /* paper2.png in Resources */,
				37C7479B167BD33100A3D9A0 /* paper3.png in Resources */,
				37C7479C167BD33100A3D9A0 /* paper4.png in Resources */,
				37C7479D167BD33100A3D9A0 /* paper5.png in Resources */,
				37C747CB1682850300A3D9A0 /* animal1.png in Resources */,
				37C747CC1682850300A3D9A0 /* animal2.png in Resources */,
				37C747CD1682850300A3D9A0 /* animal3.png in Resources */,
				37C747CE1682850300A3D9A0 /* animal4.png in Resources */,
				37C747CF1682850300A3D9A0 /* animal5.png in Resources */,
				37C747D01682850300A3D9A0 /* animal6.png in Resources */,
				37C747D11682850300A3D9A0 /* animal7.png in Resources */,
				37C747D21682850300A3D9A0 /* animal8.png in Resources */,
				37C747D31682850300A3D9A0 /* animal9.png in Resources */,
				37C747D41682850300A3D9A0 /* animal10.png in Resources */,
				37C747D51682850300A3D9A0 /* animal11.png in Resources */,
				37C747D61682850300A3D9A0 /* animal12.png in Resources */,
				37C747D71682850300A3D9A0 /* animal13.png in Resources */,
				37C747D81682850300A3D9A0 /* animal14.png in Resources */,
				37C747D91682850300A3D9A0 /* autumn1.png in Resources */,
				37C747DA1682850300A3D9A0 /* autumn2.png in Resources */,
				37C747DB1682850300A3D9A0 /* autumn3.png in Resources */,
				37C747DC1682850300A3D9A0 /* autumn4.png in Resources */,
				37C747DD1682850300A3D9A0 /* autumn5.png in Resources */,
				37C747DE1682850300A3D9A0 /* autumn6.png in Resources */,
				37C747DF1682850300A3D9A0 /* autumn7.png in Resources */,
				37C747E01682850300A3D9A0 /* autumn8.png in Resources */,
				37C747E11682850300A3D9A0 /* autumn9.png in Resources */,
				37C747F81682851100A3D9A0 /* celebrity1.png in Resources */,
				37C747F91682851100A3D9A0 /* celebrity2.png in Resources */,
				37C747FA1682851100A3D9A0 /* celebrity3.png in Resources */,
				37C747FB1682851100A3D9A0 /* celebrity4.png in Resources */,
				37C747FC1682851100A3D9A0 /* celebrity5.png in Resources */,
				37C747FD1682851100A3D9A0 /* celebrity6.png in Resources */,
				37C747FE1682851100A3D9A0 /* celebrity7.png in Resources */,
				37C747FF1682851100A3D9A0 /* celebrity8.png in Resources */,
				37C748001682851100A3D9A0 /* celebrity9.png in Resources */,
				37C748011682851100A3D9A0 /* celebrity10.png in Resources */,
				37C748021682851100A3D9A0 /* celebrity11.png in Resources */,
				37C748031682851100A3D9A0 /* food1.png in Resources */,
				37C748041682851100A3D9A0 /* food2.png in Resources */,
				37C748051682851100A3D9A0 /* food3.png in Resources */,
				37C748061682851100A3D9A0 /* food4.png in Resources */,
				37C748071682851100A3D9A0 /* food5.png in Resources */,
				37C748081682851100A3D9A0 /* food6.png in Resources */,
				37C748091682851100A3D9A0 /* food7.png in Resources */,
				37C7480A1682851100A3D9A0 /* food8.png in Resources */,
				37C7480B1682851100A3D9A0 /* food9.png in Resources */,
				37C7480C1682851100A3D9A0 /* food10.png in Resources */,
				37C7480D1682851100A3D9A0 /* food11.png in Resources */,
				37C748381682852000A3D9A0 /* space1.png in Resources */,
				37C748391682852000A3D9A0 /* space2.png in Resources */,
				37C7483A1682852000A3D9A0 /* space3.png in Resources */,
				37C7483B1682852000A3D9A0 /* space4.png in Resources */,
				37C7483C1682852000A3D9A0 /* space5.png in Resources */,
				37C7483D1682852000A3D9A0 /* space6.png in Resources */,
				37C7483E1682852000A3D9A0 /* space7.png in Resources */,
				37C7483F1682852000A3D9A0 /* space8.png in Resources */,
				37C748401682852000A3D9A0 /* space9.png in Resources */,
				37C748411682852000A3D9A0 /* space10.png in Resources */,
				37C748421682852000A3D9A0 /* space11.png in Resources */,
				37C748431682852000A3D9A0 /* space12.png in Resources */,
				37C748441682852000A3D9A0 /* space13.png in Resources */,
				37C748451682852000A3D9A0 /* space14.png in Resources */,
				37C748461682852000A3D9A0 /* travel1.png in Resources */,
				37C748471682852000A3D9A0 /* travel2.png in Resources */,
				37C748481682852000A3D9A0 /* travel3.png in Resources */,
				37C748491682852000A3D9A0 /* travel4.png in Resources */,
				37C7484A1682852000A3D9A0 /* travel5.png in Resources */,
				37C7484B1682852000A3D9A0 /* travel6.png in Resources */,
				37C7484C1682852000A3D9A0 /* travel7.png in Resources */,
				37C7484D1682852000A3D9A0 /* travel8.png in Resources */,
				37C7484E1682852000A3D9A0 /* travel9.png in Resources */,
				37C7484F1682852000A3D9A0 /* travel10.png in Resources */,
				37C748501682852000A3D9A0 /* travel11.png in Resources */,
				37C748511682852000A3D9A0 /* travel12.png in Resources */,
				37C748521682852000A3D9A0 /* travel13.png in Resources */,
				37C748531682852000A3D9A0 /* travel14.png in Resources */,
				37C748541682852000A3D9A0 /* travel15.png in Resources */,
				37C748551682852000A3D9A0 /* winter1.png in Resources */,
				37C748561682852000A3D9A0 /* winter2.png in Resources */,
				37C748571682852000A3D9A0 /* winter3.png in Resources */,
				37C748581682852000A3D9A0 /* winter4.png in Resources */,
				37C748591682852000A3D9A0 /* winter5.png in Resources */,
				37C7485A1682852000A3D9A0 /* winter6.png in Resources */,
				37C7485B1682852000A3D9A0 /* winter7.png in Resources */,
				37C7485C1682852000A3D9A0 /* winter8.png in Resources */,
				37C7485D1682852000A3D9A0 /* winter9.png in Resources */,
				37C7485E1682852000A3D9A0 /* winter10.png in Resources */,
				37C7485F1682852000A3D9A0 /* winter11.png in Resources */,
				37C748601682852000A3D9A0 /* winter12.png in Resources */,
				37C748611682852000A3D9A0 /* winter13.png in Resources */,
			);
			runOnlyForDeploymentPostprocessing = 0;
		};
/* End PBXResourcesBuildPhase section */

/* Begin PBXSourcesBuildPhase section */
		37D7DAB5167A868600D7400B /* Sources */ = {
			isa = PBXSourcesBuildPhase;
			buildActionMask = 2147483647;
			files = (
				37D7DACA167A868600D7400B /* main.m in Sources */,
				37D7DACE167A868600D7400B /* AppDelegate.m in Sources */,
				37D7DAD7167A868700D7400B /* ViewController.m in Sources */,
				37D7DAE4167A977D00D7400B /* TPTCell.m in Sources */,
				37D7DAEA167A9D7300D7400B /* TPTCoverFlowLayout.m in Sources */,
				37C747B01682631500A3D9A0 /* TPTVerticalCollectionView.m in Sources */,
				37C747B316827CEE00A3D9A0 /* TPTVerticalCollectionCell.m in Sources */,
			);
			runOnlyForDeploymentPostprocessing = 0;
		};
/* End PBXSourcesBuildPhase section */

/* Begin PBXVariantGroup section */
		37D7DAC6167A868600D7400B /* InfoPlist.strings */ = {
			isa = PBXVariantGroup;
			children = (
				37D7DAC7167A868600D7400B /* en */,
			);
			name = InfoPlist.strings;
			sourceTree = "<group>";
		};
		37D7DAD8167A868700D7400B /* ViewController.xib */ = {
			isa = PBXVariantGroup;
			children = (
				37D7DAD9167A868700D7400B /* en */,
			);
			name = ViewController.xib;
			sourceTree = "<group>";
		};
/* End PBXVariantGroup section */

/* Begin XCBuildConfiguration section */
		37D7DADB167A868700D7400B /* Debug */ = {
			isa = XCBuildConfiguration;
			buildSettings = {
				ALWAYS_SEARCH_USER_PATHS = NO;
				CLANG_CXX_LANGUAGE_STANDARD = "gnu++0x";
				CLANG_CXX_LIBRARY = "libc++";
				CLANG_ENABLE_OBJC_ARC = YES;
				CLANG_WARN_EMPTY_BODY = YES;
				CLANG_WARN__DUPLICATE_METHOD_MATCH = YES;
				"CODE_SIGN_IDENTITY[sdk=iphoneos*]" = "iPhone Developer";
				COPY_PHASE_STRIP = NO;
				GCC_C_LANGUAGE_STANDARD = gnu99;
				GCC_DYNAMIC_NO_PIC = NO;
				GCC_OPTIMIZATION_LEVEL = 0;
				GCC_PREPROCESSOR_DEFINITIONS = (
					"DEBUG=1",
					"$(inherited)",
				);
				GCC_SYMBOLS_PRIVATE_EXTERN = NO;
				GCC_WARN_ABOUT_RETURN_TYPE = YES;
				GCC_WARN_UNINITIALIZED_AUTOS = YES;
				GCC_WARN_UNUSED_VARIABLE = YES;
				IPHONEOS_DEPLOYMENT_TARGET = 6.0;
				SDKROOT = iphoneos;
				TARGETED_DEVICE_FAMILY = 2;
			};
			name = Debug;
		};
		37D7DADC167A868700D7400B /* Release */ = {
			isa = XCBuildConfiguration;
			buildSettings = {
				ALWAYS_SEARCH_USER_PATHS = NO;
				CLANG_CXX_LANGUAGE_STANDARD = "gnu++0x";
				CLANG_CXX_LIBRARY = "libc++";
				CLANG_ENABLE_OBJC_ARC = YES;
				CLANG_WARN_EMPTY_BODY = YES;
				CLANG_WARN__DUPLICATE_METHOD_MATCH = YES;
				"CODE_SIGN_IDENTITY[sdk=iphoneos*]" = "iPhone Developer";
				COPY_PHASE_STRIP = YES;
				GCC_C_LANGUAGE_STANDARD = gnu99;
				GCC_WARN_ABOUT_RETURN_TYPE = YES;
				GCC_WARN_UNINITIALIZED_AUTOS = YES;
				GCC_WARN_UNUSED_VARIABLE = YES;
				IPHONEOS_DEPLOYMENT_TARGET = 6.0;
				OTHER_CFLAGS = "-DNS_BLOCK_ASSERTIONS=1";
				SDKROOT = iphoneos;
				TARGETED_DEVICE_FAMILY = 2;
				VALIDATE_PRODUCT = YES;
			};
			name = Release;
		};
		37D7DADE167A868700D7400B /* Debug */ = {
			isa = XCBuildConfiguration;
			buildSettings = {
				GCC_PRECOMPILE_PREFIX_HEADER = YES;
				GCC_PREFIX_HEADER = "CoverFlowMatrix/CoverFlowMatrix-Prefix.pch";
				INFOPLIST_FILE = "CoverFlowMatrix/CoverFlowMatrix-Info.plist";
				PRODUCT_NAME = "$(TARGET_NAME)";
				WRAPPER_EXTENSION = app;
			};
			name = Debug;
		};
		37D7DADF167A868700D7400B /* Release */ = {
			isa = XCBuildConfiguration;
			buildSettings = {
				GCC_PRECOMPILE_PREFIX_HEADER = YES;
				GCC_PREFIX_HEADER = "CoverFlowMatrix/CoverFlowMatrix-Prefix.pch";
				INFOPLIST_FILE = "CoverFlowMatrix/CoverFlowMatrix-Info.plist";
				PRODUCT_NAME = "$(TARGET_NAME)";
				WRAPPER_EXTENSION = app;
			};
			name = Release;
		};
/* End XCBuildConfiguration section */

/* Begin XCConfigurationList section */
		37D7DAB3167A868600D7400B /* Build configuration list for PBXProject "CoverFlowMatrix" */ = {
			isa = XCConfigurationList;
			buildConfigurations = (
				37D7DADB167A868700D7400B /* Debug */,
				37D7DADC167A868700D7400B /* Release */,
			);
			defaultConfigurationIsVisible = 0;
			defaultConfigurationName = Release;
		};
		37D7DADD167A868700D7400B /* Build configuration list for PBXNativeTarget "CoverFlowMatrix" */ = {
			isa = XCConfigurationList;
			buildConfigurations = (
				37D7DADE167A868700D7400B /* Debug */,
				37D7DADF167A868700D7400B /* Release */,
			);
			defaultConfigurationIsVisible = 0;
			defaultConfigurationName = Release;
		};
/* End XCConfigurationList section */
	};
	rootObject = 37D7DAB0167A868600D7400B /* Project object */;
}
